dependencies:
- name: postgresql
  repository: https://kubernetes-charts.storage.googleapis.com/
  version: 8.2.1
- name: redis
  repository: https://kubernetes-charts.storage.googleapis.com/
  version: 9.5.5
digest: sha256:6480ca94f975a1d1a7622673cede115e5622eccc8a17e0bae055d65ab3b2d31d
generated: "2020-06-04T23:45:59.463105592-07:00"
